<?xml version="1.0" encoding="UTF-8" standalone="yes" ?>
<CodeBlocks_project_file>
	<FileVersion major="1" minor="6" />
	<Project>
		<Option title="Lin1D" />
		<Option pch_mode="2" />
		<Option compiler="gcc" />
		<Build>
			<Target title="Debug">
				<Option output="bin/Debug/Lin1D" prefix_auto="1" extension_auto="1" />
				<Option object_output="obj/Debug/" />
				<Option type="1" />
				<Option compiler="gcc" />
				<Compiler>
					<Add option="-g" />
					<Add option="-DDUMMY_COMPILATION" />
				</Compiler>
			</Target>
			<Target title="Release">
				<Option output="bin/Release/Lin1D" prefix_auto="1" extension_auto="1" />
				<Option object_output="obj/Release/" />
				<Option type="1" />
				<Option compiler="gcc" />
				<Compiler>
					<Add option="-O2" />
				</Compiler>
				<Linker>
					<Add option="-s" />
				</Linker>
			</Target>
		</Build>
		<Compiler>
			<Add option="-Wall" />
			<Add option="-fexceptions" />
		</Compiler>
		<Unit filename="DRE.c">
			<Option compilerVar="CC" />
		</Unit>
		<Unit filename="DRE.h" />
		<Unit filename="DummyFunctions.c">
			<Option compilerVar="CC" />
		</Unit>
		<Unit filename="DummyFunctions.h" />
		<Unit filename="DummyTypes.h" />
		<Unit filename="ProjectFlows.h" />
		<Unit filename="ProjectFunctions.c">
			<Option compilerVar="CC" />
		</Unit>
		<Unit filename="ProjectFunctions.h" />
		<Unit filename="ProjectTypes.h" />
		<Unit filename="fsm/Lin1D.cdp" />
		<Unit filename="lin1dFSM.c">
			<Option compilerVar="CC" />
		</Unit>
		<Unit filename="lin1dFSM.h" />
		<Unit filename="lin1dFSM_CI.c">
			<Option compilerVar="CC" />
		</Unit>
		<Unit filename="lin1dFSM_CI.h" />
		<Unit filename="main.cpp" />
		<Extensions>
			<code_completion />
			<debugger />
		</Extensions>
	</Project>
</CodeBlocks_project_file>
