<?xml version="1.0" encoding="UTF-8" standalone="yes" ?>
<CodeBlocks_project_file>
	<FileVersion major="1" minor="6" />
	<Project>
		<Option title="Lin1D" />
		<Option pch_mode="2" />
		<Option compiler="gcc" />
		<Build>
			<Target title="Debug">
				<Option output="bin/Debug/Lin1D" prefix_auto="1" extension_auto="1" />
				<Option object_output="obj/Debug/" />
				<Option type="1" />
				<Option compiler="gcc" />
				<Compiler>
					<Add option="-g" />
					<Add option="-DDUMMY_COMPILATION" />
				</Compiler>
			</Target>
			<Target title="Release">
				<Option output="bin/Release/Lin1D" prefix_auto="1" extension_auto="1" />
				<Option object_output="obj/Release/" />
				<Option type="1" />
				<Option compiler="gcc" />
				<Compiler>
					<Add option="-O2" />
				</Compiler>
				<Linker>
					<Add option="-s" />
				</Linker>
			</Target>
		</Build>
		<Compiler>
			<Add option="-Wall" />
			<Add option="-fexceptions" />
		</Compiler>
		<Unit filename="fsm/Lin1D.cdp" />
		<Unit filename="fsm/Lin1D.xcos" />
		<Unit filename="maincb.cpp" />
		<Unit filename="maincl.cpp">
			<Option compile="0" />
			<Option link="0" />
		</Unit>
		<Unit filename="mainnb.cpp">
			<Option compile="0" />
			<Option link="0" />
		</Unit>
		<Unit filename="src/DRE.c">
			<Option compilerVar="CC" />
		</Unit>
		<Unit filename="src/DRE.h" />
		<Unit filename="src/DummyFunctions.c">
			<Option compilerVar="CC" />
		</Unit>
		<Unit filename="src/DummyFunctions.h" />
		<Unit filename="src/DummyTypes.h" />
		<Unit filename="src/ProjectFlows.h" />
		<Unit filename="src/ProjectFunctions.c">
			<Option compilerVar="CC" />
		</Unit>
		<Unit filename="src/ProjectFunctions.h" />
		<Unit filename="src/ProjectTypes.h" />
		<Unit filename="src/lin1dFSM.c">
			<Option compilerVar="CC" />
		</Unit>
		<Unit filename="src/lin1dFSM.h" />
		<Unit filename="src/lin1dFSM_CI.c">
			<Option compilerVar="CC" />
		</Unit>
		<Unit filename="src/lin1dFSM_CI.h" />
		<Extensions>
			<code_completion />
			<debugger />
			<envvars />
		</Extensions>
	</Project>
</CodeBlocks_project_file>
